
Microsoft Visual Studio Solution File, Format Version 12.00
# Visual Studio 15
VisualStudioVersion = 15.0.26730.12
MinimumVisualStudioVersion = 10.0.40219.1
Project("{FAE04EC0-301F-11D3-BF4B-00C04F79EFBC}") = "DTD.OM.Entity", "DTD.OM.Entity\DTD.OM.Entity.csproj", "{B36046D2-3233-46B3-9900-227DBD51207F}"
EndProject
Project("{FAE04EC0-301F-11D3-BF4B-00C04F79EFBC}") = "DTD.OM.Core", "DTD.OM.Core\DTD.OM.Core.csproj", "{F6FA22C0-76C9-4268-BAE8-F3CF6BF92091}"
EndProject
Project("{FAE04EC0-301F-11D3-BF4B-00C04F79EFBC}") = "DTD.OM.Repository", "DTD.OM.Repository\DTD.OM.Repository.csproj", "{F825E782-5A40-45F9-822A-E6F9389735DA}"
EndProject
Project("{FAE04EC0-301F-11D3-BF4B-00C04F79EFBC}") = "DTD.OM.BLL", "DTD.OM.BLL\DTD.OM.BLL.csproj", "{35A3A3D6-6EEB-4B3A-A3A4-5FDEC5D770A0}"
EndProject
Project("{FAE04EC0-301F-11D3-BF4B-00C04F79EFBC}") = "DTD.OM.FormsApplication", "DTD.OM.FormsApplication\DTD.OM.FormsApplication.csproj", "{9F63EFCB-B97A-431F-8641-43E29A53172C}"
EndProject
Project("{FAE04EC0-301F-11D3-BF4B-00C04F79EFBC}") = "DTD.OM.FormsControl", "DTD.OM.FormsControl\DTD.OM.FormsControl.csproj", "{D49DD892-CF69-4490-9921-CE5AFA5A07D7}"
EndProject
Global
	GlobalSection(SolutionConfigurationPlatforms) = preSolution
		Debug|Any CPU = Debug|Any CPU
		Release|Any CPU = Release|Any CPU
	EndGlobalSection
	GlobalSection(ProjectConfigurationPlatforms) = postSolution
		{B36046D2-3233-46B3-9900-227DBD51207F}.Debug|Any CPU.ActiveCfg = Debug|Any CPU
		{B36046D2-3233-46B3-9900-227DBD51207F}.Debug|Any CPU.Build.0 = Debug|Any CPU
		{B36046D2-3233-46B3-9900-227DBD51207F}.Release|Any CPU.ActiveCfg = Release|Any CPU
		{B36046D2-3233-46B3-9900-227DBD51207F}.Release|Any CPU.Build.0 = Release|Any CPU
		{F6FA22C0-76C9-4268-BAE8-F3CF6BF92091}.Debug|Any CPU.ActiveCfg = Debug|Any CPU
		{F6FA22C0-76C9-4268-BAE8-F3CF6BF92091}.Debug|Any CPU.Build.0 = Debug|Any CPU
		{F6FA22C0-76C9-4268-BAE8-F3CF6BF92091}.Release|Any CPU.ActiveCfg = Release|Any CPU
		{F6FA22C0-76C9-4268-BAE8-F3CF6BF92091}.Release|Any CPU.Build.0 = Release|Any CPU
		{F825E782-5A40-45F9-822A-E6F9389735DA}.Debug|Any CPU.ActiveCfg = Debug|Any CPU
		{F825E782-5A40-45F9-822A-E6F9389735DA}.Debug|Any CPU.Build.0 = Debug|Any CPU
		{F825E782-5A40-45F9-822A-E6F9389735DA}.Release|Any CPU.ActiveCfg = Release|Any CPU
		{F825E782-5A40-45F9-822A-E6F9389735DA}.Release|Any CPU.Build.0 = Release|Any CPU
		{35A3A3D6-6EEB-4B3A-A3A4-5FDEC5D770A0}.Debug|Any CPU.ActiveCfg = Debug|Any CPU
		{35A3A3D6-6EEB-4B3A-A3A4-5FDEC5D770A0}.Debug|Any CPU.Build.0 = Debug|Any CPU
		{35A3A3D6-6EEB-4B3A-A3A4-5FDEC5D770A0}.Release|Any CPU.ActiveCfg = Release|Any CPU
		{35A3A3D6-6EEB-4B3A-A3A4-5FDEC5D770A0}.Release|Any CPU.Build.0 = Release|Any CPU
		{9F63EFCB-B97A-431F-8641-43E29A53172C}.Debug|Any CPU.ActiveCfg = Debug|Any CPU
		{9F63EFCB-B97A-431F-8641-43E29A53172C}.Debug|Any CPU.Build.0 = Debug|Any CPU
		{9F63EFCB-B97A-431F-8641-43E29A53172C}.Release|Any CPU.ActiveCfg = Release|Any CPU
		{9F63EFCB-B97A-431F-8641-43E29A53172C}.Release|Any CPU.Build.0 = Release|Any CPU
		{D49DD892-CF69-4490-9921-CE5AFA5A07D7}.Debug|Any CPU.ActiveCfg = Debug|Any CPU
		{D49DD892-CF69-4490-9921-CE5AFA5A07D7}.Debug|Any CPU.Build.0 = Debug|Any CPU
		{D49DD892-CF69-4490-9921-CE5AFA5A07D7}.Release|Any CPU.ActiveCfg = Release|Any CPU
		{D49DD892-CF69-4490-9921-CE5AFA5A07D7}.Release|Any CPU.Build.0 = Release|Any CPU
	EndGlobalSection
	GlobalSection(SolutionProperties) = preSolution
		HideSolutionNode = FALSE
	EndGlobalSection
	GlobalSection(ExtensibilityGlobals) = postSolution
		SolutionGuid = {19BD3BF0-B00A-44DC-AFD9-B8553DF82D59}
	EndGlobalSection
EndGlobal
